
Microsoft Visual Studio Solution File, Format Version 12.00
# Visual Studio Version 16
VisualStudioVersion = 16.0.30320.27
MinimumVisualStudioVersion = 10.0.40219.1
Project("{FAE04EC0-301F-11D3-BF4B-00C04F79EFBC}") = "UC1_AddressBook", "UC1_AddressBook\UC1_AddressBook.csproj", "{0A9F59A1-D6B4-4899-8CA3-CC5C633C7973}"
EndProject
Global
	GlobalSection(SolutionConfigurationPlatforms) = preSolution
		Debug|Any CPU = Debug|Any CPU
		Release|Any CPU = Release|Any CPU
	EndGlobalSection
	GlobalSection(ProjectConfigurationPlatforms) = postSolution
		{0A9F59A1-D6B4-4899-8CA3-CC5C633C7973}.Debug|Any CPU.ActiveCfg = Debug|Any CPU
		{0A9F59A1-D6B4-4899-8CA3-CC5C633C7973}.Debug|Any CPU.Build.0 = Debug|Any CPU
		{0A9F59A1-D6B4-4899-8CA3-CC5C633C7973}.Release|Any CPU.ActiveCfg = Release|Any CPU
		{0A9F59A1-D6B4-4899-8CA3-CC5C633C7973}.Release|Any CPU.Build.0 = Release|Any CPU
	EndGlobalSection
	GlobalSection(SolutionProperties) = preSolution
		HideSolutionNode = FALSE
	EndGlobalSection
	GlobalSection(ExtensibilityGlobals) = postSolution
		SolutionGuid = {1EF53511-274A-40F4-B0FE-FF650DE71A54}
	EndGlobalSection
EndGlobal
