
Microsoft Visual Studio Solution File, Format Version 12.00
# Visual Studio Version 16
VisualStudioVersion = 16.0.30320.27
MinimumVisualStudioVersion = 10.0.40219.1
Project("{FAE04EC0-301F-11D3-BF4B-00C04F79EFBC}") = "UC3_AddressBook", "UC3_AddressBook\UC3_AddressBook.csproj", "{F4C09992-E0FD-478B-A1C1-B3C240C0B73F}"
EndProject
Global
	GlobalSection(SolutionConfigurationPlatforms) = preSolution
		Debug|Any CPU = Debug|Any CPU
		Release|Any CPU = Release|Any CPU
	EndGlobalSection
	GlobalSection(ProjectConfigurationPlatforms) = postSolution
		{F4C09992-E0FD-478B-A1C1-B3C240C0B73F}.Debug|Any CPU.ActiveCfg = Debug|Any CPU
		{F4C09992-E0FD-478B-A1C1-B3C240C0B73F}.Debug|Any CPU.Build.0 = Debug|Any CPU
		{F4C09992-E0FD-478B-A1C1-B3C240C0B73F}.Release|Any CPU.ActiveCfg = Release|Any CPU
		{F4C09992-E0FD-478B-A1C1-B3C240C0B73F}.Release|Any CPU.Build.0 = Release|Any CPU
	EndGlobalSection
	GlobalSection(SolutionProperties) = preSolution
		HideSolutionNode = FALSE
	EndGlobalSection
	GlobalSection(ExtensibilityGlobals) = postSolution
		SolutionGuid = {C3F3DB7F-4AB1-4C78-97E3-5F0314474F13}
	EndGlobalSection
EndGlobal
